
Microsoft Visual Studio Solution File, Format Version 12.00
# Visual Studio Version 16
VisualStudioVersion = 16.0.30611.23
MinimumVisualStudioVersion = 10.0.40219.1
Project("{FAE04EC0-301F-11D3-BF4B-00C04F79EFBC}") = "DemoWebAPI", "DemoWebAPI\DemoWebAPI.csproj", "{D932BA98-D428-4C19-B23D-C1465FDE194F}"
EndProject
Global
	GlobalSection(SolutionConfigurationPlatforms) = preSolution
		Debug|Any CPU = Debug|Any CPU
		Release|Any CPU = Release|Any CPU
	EndGlobalSection
	GlobalSection(ProjectConfigurationPlatforms) = postSolution
		{D932BA98-D428-4C19-B23D-C1465FDE194F}.Debug|Any CPU.ActiveCfg = Debug|Any CPU
		{D932BA98-D428-4C19-B23D-C1465FDE194F}.Debug|Any CPU.Build.0 = Debug|Any CPU
		{D932BA98-D428-4C19-B23D-C1465FDE194F}.Release|Any CPU.ActiveCfg = Release|Any CPU
		{D932BA98-D428-4C19-B23D-C1465FDE194F}.Release|Any CPU.Build.0 = Release|Any CPU
	EndGlobalSection
	GlobalSection(SolutionProperties) = preSolution
		HideSolutionNode = FALSE
	EndGlobalSection
	GlobalSection(ExtensibilityGlobals) = postSolution
		SolutionGuid = {1EEE9E13-193E-4305-8CED-EAFEDBCD2131}
	EndGlobalSection
EndGlobal
